<Solution>
  <Folder Name="/API/" />
  <Folder Name="/Core/">
    <Project Path="Core/CleanTeeth.Application/CleanTeeth.Application.csproj" Id="cb44f730-7a79-44ba-b0b8-ca068c00eda0" />
    <Project Path="Core/CleanTeeth.Domain/CleanTeeth.Domain.csproj" />
  </Folder>
  <Folder Name="/Infrastructure/" />
  <Folder Name="/Tests/">
    <Project Path="Tests/CleanTeeth.Domain.MSTests/CleanTeeth.Domain.MSTests.csproj" Id="d1bd7bc1-54b9-4694-b314-bd541397da90" />
  </Folder>
</Solution>
